
Microsoft Visual Studio Solution File, Format Version 12.00
# Visual Studio 15
VisualStudioVersion = 15.0.27703.2042
MinimumVisualStudioVersion = 10.0.40219.1
Project("{FAE04EC0-301F-11D3-BF4B-00C04F79EFBC}") = "RefactorProject", "RefactorProject\RefactorProject.csproj", "{5240E669-8A06-41B7-82BB-9F795A89B4C6}"
EndProject
Global
	GlobalSection(SolutionConfigurationPlatforms) = preSolution
		Debug|Any CPU = Debug|Any CPU
		Release|Any CPU = Release|Any CPU
	EndGlobalSection
	GlobalSection(ProjectConfigurationPlatforms) = postSolution
		{5240E669-8A06-41B7-82BB-9F795A89B4C6}.Debug|Any CPU.ActiveCfg = Debug|Any CPU
		{5240E669-8A06-41B7-82BB-9F795A89B4C6}.Debug|Any CPU.Build.0 = Debug|Any CPU
		{5240E669-8A06-41B7-82BB-9F795A89B4C6}.Release|Any CPU.ActiveCfg = Release|Any CPU
		{5240E669-8A06-41B7-82BB-9F795A89B4C6}.Release|Any CPU.Build.0 = Release|Any CPU
	EndGlobalSection
	GlobalSection(SolutionProperties) = preSolution
		HideSolutionNode = FALSE
	EndGlobalSection
	GlobalSection(ExtensibilityGlobals) = postSolution
		SolutionGuid = {C309E9B8-FE9B-42AF-83F2-7A0228A256B3}
	EndGlobalSection
EndGlobal
